
Microsoft Visual Studio Solution File, Format Version 12.00
# Visual Studio Version 17
VisualStudioVersion = 17.9.34701.34
MinimumVisualStudioVersion = 10.0.40219.1
Project("{FAE04EC0-301F-11D3-BF4B-00C04F79EFBC}") = "LINQ_lez03_Libri_Raggruppamento", "LINQ_lez03_Libri_Raggruppamento\LINQ_lez03_Libri_Raggruppamento.csproj", "{8F6B9269-6DA1-49A1-ABA5-78DCFB4DE4DB}"
EndProject
Global
	GlobalSection(SolutionConfigurationPlatforms) = preSolution
		Debug|Any CPU = Debug|Any CPU
		Release|Any CPU = Release|Any CPU
	EndGlobalSection
	GlobalSection(ProjectConfigurationPlatforms) = postSolution
		{8F6B9269-6DA1-49A1-ABA5-78DCFB4DE4DB}.Debug|Any CPU.ActiveCfg = Debug|Any CPU
		{8F6B9269-6DA1-49A1-ABA5-78DCFB4DE4DB}.Debug|Any CPU.Build.0 = Debug|Any CPU
		{8F6B9269-6DA1-49A1-ABA5-78DCFB4DE4DB}.Release|Any CPU.ActiveCfg = Release|Any CPU
		{8F6B9269-6DA1-49A1-ABA5-78DCFB4DE4DB}.Release|Any CPU.Build.0 = Release|Any CPU
	EndGlobalSection
	GlobalSection(SolutionProperties) = preSolution
		HideSolutionNode = FALSE
	EndGlobalSection
	GlobalSection(ExtensibilityGlobals) = postSolution
		SolutionGuid = {22C7D14D-E8B5-4A33-8D2A-03966F3D097D}
	EndGlobalSection
EndGlobal
